
Microsoft Visual Studio Solution File, Format Version 12.00
Project("{FAE04EC0-301F-11D3-BF4B-00C04F79EFBC}") = "BubbleSort", "BubbleSort\BubbleSort.csproj", "{71B4CFBB-5E52-4473-BC35-EA1147D6ABC2}"
EndProject
Project("{FAE04EC0-301F-11D3-BF4B-00C04F79EFBC}") = "BubbleSort.Tests", "BubbleSort.Tests\BubbleSort.Tests.csproj", "{E46E9C54-6F91-447F-AB21-55E08B5502F4}"
EndProject
Global
	GlobalSection(SolutionConfigurationPlatforms) = preSolution
		Debug|Any CPU = Debug|Any CPU
		Release|Any CPU = Release|Any CPU
	EndGlobalSection
	GlobalSection(ProjectConfigurationPlatforms) = postSolution
		{71B4CFBB-5E52-4473-BC35-EA1147D6ABC2}.Debug|Any CPU.ActiveCfg = Debug|Any CPU
		{71B4CFBB-5E52-4473-BC35-EA1147D6ABC2}.Debug|Any CPU.Build.0 = Debug|Any CPU
		{71B4CFBB-5E52-4473-BC35-EA1147D6ABC2}.Release|Any CPU.ActiveCfg = Release|Any CPU
		{71B4CFBB-5E52-4473-BC35-EA1147D6ABC2}.Release|Any CPU.Build.0 = Release|Any CPU
		{E46E9C54-6F91-447F-AB21-55E08B5502F4}.Debug|Any CPU.ActiveCfg = Debug|Any CPU
		{E46E9C54-6F91-447F-AB21-55E08B5502F4}.Debug|Any CPU.Build.0 = Debug|Any CPU
		{E46E9C54-6F91-447F-AB21-55E08B5502F4}.Release|Any CPU.ActiveCfg = Release|Any CPU
		{E46E9C54-6F91-447F-AB21-55E08B5502F4}.Release|Any CPU.Build.0 = Release|Any CPU
	EndGlobalSection
EndGlobal
